
Microsoft Visual Studio Solution File, Format Version 12.00
# Visual Studio 15
VisualStudioVersion = 15.0.27703.2026
MinimumVisualStudioVersion = 10.0.40219.1
Project("{9092AA53-FB77-4645-B42D-1CCCA6BD08BD}") = "TrackLiveWebApp", "TrackLiveWebApp\TrackLiveWebApp.njsproj", "{79A941C1-CF8C-4B91-B368-146B0D706756}"
EndProject
Global
	GlobalSection(SolutionConfigurationPlatforms) = preSolution
		Debug|Any CPU = Debug|Any CPU
		Release|Any CPU = Release|Any CPU
	EndGlobalSection
	GlobalSection(ProjectConfigurationPlatforms) = postSolution
		{79A941C1-CF8C-4B91-B368-146B0D706756}.Debug|Any CPU.ActiveCfg = Debug|Any CPU
		{79A941C1-CF8C-4B91-B368-146B0D706756}.Debug|Any CPU.Build.0 = Debug|Any CPU
		{79A941C1-CF8C-4B91-B368-146B0D706756}.Release|Any CPU.ActiveCfg = Release|Any CPU
		{79A941C1-CF8C-4B91-B368-146B0D706756}.Release|Any CPU.Build.0 = Release|Any CPU
	EndGlobalSection
	GlobalSection(SolutionProperties) = preSolution
		HideSolutionNode = FALSE
	EndGlobalSection
	GlobalSection(ExtensibilityGlobals) = postSolution
		SolutionGuid = {243A37E6-C371-424C-B90E-8D8CC1FA2F15}
	EndGlobalSection
EndGlobal
